
Microsoft Visual Studio Solution File, Format Version 12.00
Project("{FAE04EC0-301F-11D3-BF4B-00C04F79EFBC}") = "WebPushNotificationEndPointServer", "WebPushNotificationEndPointServer\WebPushNotificationEndPointServer.csproj", "{49B137E8-4B01-4B96-91EC-D5F04F1715B9}"
EndProject
Project("{FAE04EC0-301F-11D3-BF4B-00C04F79EFBC}") = "Lib", "Lib\Lib.csproj", "{CF94891D-B0C5-44C9-A93F-B4C01D2245F4}"
EndProject
Project("{FAE04EC0-301F-11D3-BF4B-00C04F79EFBC}") = "EndpointEntities", "EndpointEntities\EndpointEntities.csproj", "{6534136C-51C1-4D4B-9047-3A53A0282ACC}"
EndProject
Project("{2150E333-8FDC-42A3-9474-1A3956D46DE8}") = "Infrasturacture", "Infrasturacture", "{83CCEDA7-AF0E-464A-B462-54A1F8895835}"
EndProject
Project("{2150E333-8FDC-42A3-9474-1A3956D46DE8}") = "Data", "Data", "{244E18EF-80EF-4E58-93FF-874D5B4A56A3}"
EndProject
Project("{2150E333-8FDC-42A3-9474-1A3956D46DE8}") = "EndpointApi", "EndpointApi", "{BA622706-3BB5-48E1-983C-56C8F987C7DE}"
EndProject
Project("{FAE04EC0-301F-11D3-BF4B-00C04F79EFBC}") = "Extensions", "Extensions\Extensions.csproj", "{0771F453-9BD1-4D8E-BF3E-92DEF7F17CF0}"
EndProject
Project("{FAE04EC0-301F-11D3-BF4B-00C04F79EFBC}") = "Exceptions", "Exceptions\Exceptions.csproj", "{28561526-1FD1-4E25-866A-2A48F6363705}"
EndProject
Project("{2150E333-8FDC-42A3-9474-1A3956D46DE8}") = "public", "public", "{A3A730FB-DE36-4890-81A0-895C2DD3BC93}"
EndProject
Project("{FAE04EC0-301F-11D3-BF4B-00C04F79EFBC}") = "Client", "Client\Client.csproj", "{D6AB5911-3433-4050-A207-CAB430606216}"
EndProject
Global
	GlobalSection(SolutionConfigurationPlatforms) = preSolution
		Debug|Any CPU = Debug|Any CPU
		Release|Any CPU = Release|Any CPU
	EndGlobalSection
	GlobalSection(ProjectConfigurationPlatforms) = postSolution
		{49B137E8-4B01-4B96-91EC-D5F04F1715B9}.Debug|Any CPU.ActiveCfg = Debug|Any CPU
		{49B137E8-4B01-4B96-91EC-D5F04F1715B9}.Debug|Any CPU.Build.0 = Debug|Any CPU
		{49B137E8-4B01-4B96-91EC-D5F04F1715B9}.Release|Any CPU.ActiveCfg = Release|Any CPU
		{49B137E8-4B01-4B96-91EC-D5F04F1715B9}.Release|Any CPU.Build.0 = Release|Any CPU
		{CF94891D-B0C5-44C9-A93F-B4C01D2245F4}.Debug|Any CPU.ActiveCfg = Debug|Any CPU
		{CF94891D-B0C5-44C9-A93F-B4C01D2245F4}.Debug|Any CPU.Build.0 = Debug|Any CPU
		{CF94891D-B0C5-44C9-A93F-B4C01D2245F4}.Release|Any CPU.ActiveCfg = Release|Any CPU
		{CF94891D-B0C5-44C9-A93F-B4C01D2245F4}.Release|Any CPU.Build.0 = Release|Any CPU
		{6534136C-51C1-4D4B-9047-3A53A0282ACC}.Debug|Any CPU.ActiveCfg = Debug|Any CPU
		{6534136C-51C1-4D4B-9047-3A53A0282ACC}.Debug|Any CPU.Build.0 = Debug|Any CPU
		{6534136C-51C1-4D4B-9047-3A53A0282ACC}.Release|Any CPU.ActiveCfg = Release|Any CPU
		{6534136C-51C1-4D4B-9047-3A53A0282ACC}.Release|Any CPU.Build.0 = Release|Any CPU
		{0771F453-9BD1-4D8E-BF3E-92DEF7F17CF0}.Debug|Any CPU.ActiveCfg = Debug|Any CPU
		{0771F453-9BD1-4D8E-BF3E-92DEF7F17CF0}.Debug|Any CPU.Build.0 = Debug|Any CPU
		{0771F453-9BD1-4D8E-BF3E-92DEF7F17CF0}.Release|Any CPU.ActiveCfg = Release|Any CPU
		{0771F453-9BD1-4D8E-BF3E-92DEF7F17CF0}.Release|Any CPU.Build.0 = Release|Any CPU
		{28561526-1FD1-4E25-866A-2A48F6363705}.Debug|Any CPU.ActiveCfg = Debug|Any CPU
		{28561526-1FD1-4E25-866A-2A48F6363705}.Debug|Any CPU.Build.0 = Debug|Any CPU
		{28561526-1FD1-4E25-866A-2A48F6363705}.Release|Any CPU.ActiveCfg = Release|Any CPU
		{28561526-1FD1-4E25-866A-2A48F6363705}.Release|Any CPU.Build.0 = Release|Any CPU
		{D6AB5911-3433-4050-A207-CAB430606216}.Debug|Any CPU.ActiveCfg = Debug|Any CPU
		{D6AB5911-3433-4050-A207-CAB430606216}.Debug|Any CPU.Build.0 = Debug|Any CPU
		{D6AB5911-3433-4050-A207-CAB430606216}.Release|Any CPU.ActiveCfg = Release|Any CPU
		{D6AB5911-3433-4050-A207-CAB430606216}.Release|Any CPU.Build.0 = Release|Any CPU
	EndGlobalSection
	GlobalSection(NestedProjects) = preSolution
		{CF94891D-B0C5-44C9-A93F-B4C01D2245F4} = {83CCEDA7-AF0E-464A-B462-54A1F8895835}
		{6534136C-51C1-4D4B-9047-3A53A0282ACC} = {244E18EF-80EF-4E58-93FF-874D5B4A56A3}
		{49B137E8-4B01-4B96-91EC-D5F04F1715B9} = {BA622706-3BB5-48E1-983C-56C8F987C7DE}
		{0771F453-9BD1-4D8E-BF3E-92DEF7F17CF0} = {83CCEDA7-AF0E-464A-B462-54A1F8895835}
		{28561526-1FD1-4E25-866A-2A48F6363705} = {83CCEDA7-AF0E-464A-B462-54A1F8895835}
		{D6AB5911-3433-4050-A207-CAB430606216} = {A3A730FB-DE36-4890-81A0-895C2DD3BC93}
	EndGlobalSection
EndGlobal
